
Microsoft Visual Studio Solution File, Format Version 12.00
# Visual Studio Version 17
VisualStudioVersion = 17.2.32630.192
MinimumVisualStudioVersion = 10.0.40219.1
Project("{FAE04EC0-301F-11D3-BF4B-00C04F79EFBC}") = "Lab5_PrimeNumbers", "Lab5_PrimeNumbers\Lab5_PrimeNumbers.csproj", "{5204D122-CA5E-4B92-814D-F07897B01648}"
EndProject
Project("{FAE04EC0-301F-11D3-BF4B-00C04F79EFBC}") = "PrimeNumbers_Test", "PrimeNumbers_Test\PrimeNumbers_Test.csproj", "{B3F79792-662B-4195-98C7-7367273E920A}"
EndProject
Global
	GlobalSection(SolutionConfigurationPlatforms) = preSolution
		Debug|Any CPU = Debug|Any CPU
		Release|Any CPU = Release|Any CPU
	EndGlobalSection
	GlobalSection(ProjectConfigurationPlatforms) = postSolution
		{5204D122-CA5E-4B92-814D-F07897B01648}.Debug|Any CPU.ActiveCfg = Debug|Any CPU
		{5204D122-CA5E-4B92-814D-F07897B01648}.Debug|Any CPU.Build.0 = Debug|Any CPU
		{5204D122-CA5E-4B92-814D-F07897B01648}.Release|Any CPU.ActiveCfg = Release|Any CPU
		{5204D122-CA5E-4B92-814D-F07897B01648}.Release|Any CPU.Build.0 = Release|Any CPU
		{B3F79792-662B-4195-98C7-7367273E920A}.Debug|Any CPU.ActiveCfg = Debug|Any CPU
		{B3F79792-662B-4195-98C7-7367273E920A}.Debug|Any CPU.Build.0 = Debug|Any CPU
		{B3F79792-662B-4195-98C7-7367273E920A}.Release|Any CPU.ActiveCfg = Release|Any CPU
		{B3F79792-662B-4195-98C7-7367273E920A}.Release|Any CPU.Build.0 = Release|Any CPU
	EndGlobalSection
	GlobalSection(SolutionProperties) = preSolution
		HideSolutionNode = FALSE
	EndGlobalSection
	GlobalSection(ExtensibilityGlobals) = postSolution
		SolutionGuid = {A80F821B-A419-4FA0-AB4A-AA30353651C7}
	EndGlobalSection
EndGlobal
